
Microsoft Visual Studio Solution File, Format Version 12.00
# Visual Studio Version 16
VisualStudioVersion = 16.0.30611.23
MinimumVisualStudioVersion = 10.0.40219.1
Project("{9A19103F-16F7-4668-BE54-9A1E7A4F7556}") = "CommonBase", "CommonBase\CommonBase.csproj", "{ADDF0D47-0956-4628-B1C3-B4A32BBC0EF6}"
EndProject
Project("{9A19103F-16F7-4668-BE54-9A1E7A4F7556}") = "Chinook.Contracts", "Chinook.Contracts\Chinook.Contracts.csproj", "{3E6F0829-DC17-4DB6-8E07-368403B39354}"
EndProject
Project("{9A19103F-16F7-4668-BE54-9A1E7A4F7556}") = "Chinook.Logic", "Chinook.Logic\Chinook.Logic.csproj", "{9617E3D5-AB7B-4570-BC96-DADC6E97011E}"
EndProject
Project("{9A19103F-16F7-4668-BE54-9A1E7A4F7556}") = "Chinook.ConApp", "Chinook.ConApp\Chinook.ConApp.csproj", "{E39AF849-97FB-4FBC-237B-BDA83797330B}"
EndProject
Project("{9A19103F-16F7-4668-BE54-9A1E7A4F7556}") = "Chinook.Report", "Chinook.Report\Chinook.Report.csproj", "{E6F12492-7EC7-459D-9CBC-4228DB9B8E69}"
EndProject
Project("{9A19103F-16F7-4668-BE54-9A1E7A4F7556}") = "CsvMapper.Logic", "CsvMapper.Logic\CsvMapper.Logic.csproj", "{67A0FEC4-DE6C-4431-977F-17109C6D8302}"
EndProject
Project("{2150E333-8FDC-42A3-9474-1A3956D46DE8}") = "Solution Items", "Solution Items", "{95006A67-16D5-4391-90CE-DE3E923F7CC1}"
	ProjectSection(SolutionItems) = preProject
		Models.png = Models.png
		README.md = README.md
	EndProjectSection
EndProject
Project("{FAE04EC0-301F-11D3-BF4B-00C04F79EFBC}") = "Chinook.WebApp", "Chinook.WebApp\Chinook.WebApp.csproj", "{B1A24296-8525-4560-92BA-85F388490F6D}"
EndProject
Global
	GlobalSection(SolutionConfigurationPlatforms) = preSolution
		Debug|Any CPU = Debug|Any CPU
		Release|Any CPU = Release|Any CPU
	EndGlobalSection
	GlobalSection(ProjectConfigurationPlatforms) = postSolution
		{ADDF0D47-0956-4628-B1C3-B4A32BBC0EF6}.Debug|Any CPU.ActiveCfg = Debug|Any CPU
		{ADDF0D47-0956-4628-B1C3-B4A32BBC0EF6}.Debug|Any CPU.Build.0 = Debug|Any CPU
		{ADDF0D47-0956-4628-B1C3-B4A32BBC0EF6}.Release|Any CPU.ActiveCfg = Release|Any CPU
		{ADDF0D47-0956-4628-B1C3-B4A32BBC0EF6}.Release|Any CPU.Build.0 = Release|Any CPU
		{3E6F0829-DC17-4DB6-8E07-368403B39354}.Debug|Any CPU.ActiveCfg = Debug|Any CPU
		{3E6F0829-DC17-4DB6-8E07-368403B39354}.Debug|Any CPU.Build.0 = Debug|Any CPU
		{3E6F0829-DC17-4DB6-8E07-368403B39354}.Release|Any CPU.ActiveCfg = Release|Any CPU
		{3E6F0829-DC17-4DB6-8E07-368403B39354}.Release|Any CPU.Build.0 = Release|Any CPU
		{9617E3D5-AB7B-4570-BC96-DADC6E97011E}.Debug|Any CPU.ActiveCfg = Debug|Any CPU
		{9617E3D5-AB7B-4570-BC96-DADC6E97011E}.Debug|Any CPU.Build.0 = Debug|Any CPU
		{9617E3D5-AB7B-4570-BC96-DADC6E97011E}.Release|Any CPU.ActiveCfg = Release|Any CPU
		{9617E3D5-AB7B-4570-BC96-DADC6E97011E}.Release|Any CPU.Build.0 = Release|Any CPU
		{E39AF849-97FB-4FBC-237B-BDA83797330B}.Debug|Any CPU.ActiveCfg = Debug|Any CPU
		{E39AF849-97FB-4FBC-237B-BDA83797330B}.Debug|Any CPU.Build.0 = Debug|Any CPU
		{E39AF849-97FB-4FBC-237B-BDA83797330B}.Release|Any CPU.ActiveCfg = Release|Any CPU
		{E39AF849-97FB-4FBC-237B-BDA83797330B}.Release|Any CPU.Build.0 = Release|Any CPU
		{E6F12492-7EC7-459D-9CBC-4228DB9B8E69}.Debug|Any CPU.ActiveCfg = Debug|Any CPU
		{E6F12492-7EC7-459D-9CBC-4228DB9B8E69}.Debug|Any CPU.Build.0 = Debug|Any CPU
		{E6F12492-7EC7-459D-9CBC-4228DB9B8E69}.Release|Any CPU.ActiveCfg = Release|Any CPU
		{E6F12492-7EC7-459D-9CBC-4228DB9B8E69}.Release|Any CPU.Build.0 = Release|Any CPU
		{67A0FEC4-DE6C-4431-977F-17109C6D8302}.Debug|Any CPU.ActiveCfg = Debug|Any CPU
		{67A0FEC4-DE6C-4431-977F-17109C6D8302}.Debug|Any CPU.Build.0 = Debug|Any CPU
		{67A0FEC4-DE6C-4431-977F-17109C6D8302}.Release|Any CPU.ActiveCfg = Release|Any CPU
		{67A0FEC4-DE6C-4431-977F-17109C6D8302}.Release|Any CPU.Build.0 = Release|Any CPU
		{B1A24296-8525-4560-92BA-85F388490F6D}.Debug|Any CPU.ActiveCfg = Debug|Any CPU
		{B1A24296-8525-4560-92BA-85F388490F6D}.Debug|Any CPU.Build.0 = Debug|Any CPU
		{B1A24296-8525-4560-92BA-85F388490F6D}.Release|Any CPU.ActiveCfg = Release|Any CPU
		{B1A24296-8525-4560-92BA-85F388490F6D}.Release|Any CPU.Build.0 = Release|Any CPU
	EndGlobalSection
	GlobalSection(SolutionProperties) = preSolution
		HideSolutionNode = FALSE
	EndGlobalSection
	GlobalSection(ExtensibilityGlobals) = postSolution
		SolutionGuid = {9CDA6996-7AF0-4E8F-946C-90B04A5784E7}
	EndGlobalSection
EndGlobal
